{
    "_meta": {
        "hash": {
            "sha256": "b7b23b58ec4ce3a72c00d3e9354dd53a34e68cced4cdff37443a726e4097dc34"
        },
        "pipfile-spec": 6,
        "requires": {},
        "sources": [
            {
                "name": "pypi",
                "url": "https://pypi.python.org/simple",
                "verify_ssl": true
            }
        ]
    },
    "default": {
        "aiofiles": {
            "hashes": [
                "sha256:25c66ea3872d05d53292a6b3f7fa0f86691512076446d83a505d227b5e76f668",
                "sha256:852a493a877b73e11823bfd4e8e5ef2610d70d12c9eaed961bcd9124d8de8c10"
            ],
            "version": "==0.3.2"
        },
        "aiohttp": {
            "hashes": [
                "sha256:1c052bce3eade41f6edf9ff3381051b809a88e65b66dcf2e05d34e9751652ee1",
                "sha256:228ff9359f9dab15f93d9df6623fab495222d96724dca7c5e4852d42b1bac439",
                "sha256:389a05544589c0643f0c1ba485c8d5157eb182de4ad35d041f858832a0acb26d",
                "sha256:3da537d4cf64c23b69dafdae0fcfca173eedadac19271ea417e189a629c63258",
                "sha256:42f0237a8314033e7dbb3ac83707bc5e5db28fc300a815d7088f8c52e599f0de",
                "sha256:56c57f1e6e78b30509b8bc451bd24c4a96014fd874f853f9dbe5896287787bec",
                "sha256:67c5bf258adba7f57a30949e0a17c4708f98d91263a0c82da27ad37a8f60e3a9",
                "sha256:8d65a8033cafc0d0268de5a858465c819475f3467d456aab3fbe3912e298e717",
                "sha256:9559f4a69132b7aeb116c3ac8029f8bbae48e27292c4ef9c50e94cb872e6d0ce",
                "sha256:a6943101e13106f91d6175dd96bd9097ebbc076799f553e2f8ffc1b811dd190f",
                "sha256:a95add5d4305bf30ed624b171cc91bba61b57b22976b8b30930d511a34d05557",
                "sha256:c7ce03728c2fe5a47c72b45164f449b027903143ea720ebf379bc7c76b536d2e",
                "sha256:ce6c816ff4ba694f15be0986c12c6200b63f56c3da4c75545cba7c86365e8413",
                "sha256:d4e6ec8b45ef7aa0bfe0f7f9703b36e62f72f752c286818cf543d44201df559b",
                "sha256:dc5cab081d4b334d0440b019edf24fe1cb138b8114e0e22d2b0661284bc1775f"
            ],
            "version": "==3.1.1"
        },
        "async-timeout": {
            "hashes": [
                "sha256:00cff4d2dce744607335cba84e9929c3165632da2d27970dbc55802a0c7873d0",
                "sha256:9093db5b8ddbe4b8f6885d1a6e0ad84ae3155464cbf6877c387605244c285f3c"
            ],
            "version": "==2.0.1"
        },
        "asyncio": {
            "hashes": [
                "sha256:83360ff8bc97980e4ff25c964c7bd3923d333d177aa4f7fb736b019f26c7cb41",
                "sha256:b62c9157d36187eca799c378e572c969f0da87cd5fc42ca372d92cdb06e7e1de",
                "sha256:c46a87b48213d7464f22d9a497b9eef8c1928b68320a2fa94240f969f6fec08c",
                "sha256:c4d18b22701821de07bd6aea8b53d21449ec0ec5680645e5317062ea21817d2d"
            ],
            "markers": "python_version == '3.3'",
            "version": "==3.4.3"
        },
        "attrs": {
            "hashes": [
                "sha256:1c7960ccfd6a005cd9f7ba884e6316b5e430a3f1a6c37c5f87d8b43f83b54ec9",
                "sha256:a17a9573a6f475c99b551c0e0a812707ddda1ec9653bed04c13841404ed6f450"
            ],
            "version": "==17.4.0"
        },
        "bottle": {
            "hashes": [
                "sha256:39b751aee0b167be8dffb63ca81b735bbf1dd0905b3bc42761efedee8f123355"
            ],
            "version": "==0.12.13"
        },
        "chardet": {
            "hashes": [
                "sha256:84ab92ed1c4d4f16916e05906b6b75a6c0fb5db821cc65e70cbd64a3e2a5eaae",
                "sha256:fc323ffcaeaed0e0a02bf4d117757b98aed530d9ed4531e3e15460124c106691"
            ],
            "version": "==3.0.4"
        },
        "click": {
            "hashes": [
                "sha256:29f99fc6125fbc931b758dc053b3114e55c77a6e4c6c3a2674a2dc986016381d",
                "sha256:f15516df478d5a56180fbf80e68f206010e6d160fc39fa508b65e035fd75130b"
            ],
            "version": "==6.7"
        },
        "flask": {
            "hashes": [
                "sha256:0749df235e3ff61ac108f69ac178c9770caeaccad2509cb762ce1f65570a8856",
                "sha256:49f44461237b69ecd901cc7ce66feea0319b9158743dd27a2899962ab214dac1"
            ],
            "version": "==0.12.2"
        },
        "httptools": {
            "hashes": [
                "sha256:f50dcb27178416c3a4113e9e1b392be5d1ff56ae1e474fe80869ed8530505e4c"
            ],
            "version": "==0.0.10"
        },
        "idna": {
            "hashes": [
                "sha256:2c6a5de3089009e3da7c5dde64a141dbc8551d5b7f6cf4ed7c2568d0cc520a8f",
                "sha256:8c7309c718f94b3a625cb648ace320157ad16ff131ae0af362c9f21b80ef6ec4"
            ],
            "version": "==2.6"
        },
        "idna-ssl": {
            "hashes": [
                "sha256:1293f030bc608e9aa9cdee72aa93c1521bbb9c7698068c61c9ada6772162b979"
            ],
            "version": "==1.0.1"
        },
        "itsdangerous": {
            "hashes": [
                "sha256:cbb3fcf8d3e33df861709ecaf89d9e6629cff0a217bc2848f1b41cd30d360519"
            ],
            "version": "==0.24"
        },
        "jinja2": {
            "hashes": [
                "sha256:74c935a1b8bb9a3947c50a54766a969d4846290e1e788ea44c1392163723c3bd",
                "sha256:f84be1bb0040caca4cea721fcbbbbd61f9be9464ca236387158b0feea01914a4"
            ],
            "version": "==2.10"
        },
        "markupsafe": {
            "hashes": [
                "sha256:a6be69091dac236ea9c6bc7d012beab42010fa914c459791d627dad4910eb665"
            ],
            "version": "==1.0"
        },
        "multidict": {
            "hashes": [
                "sha256:0462372fc74e4c061335118a4a5992b9a618d6c584b028ef03cf3e9b88a960e2",
                "sha256:068e91060e3e211441b1a31f5e65de88fc346490e1fae583c35a75a5295c8ef7",
                "sha256:0fd4d255adcbab3341d64a2fff5acce23409e57bb94e626485dea3db70ddc35e",
                "sha256:16c78b10e897a512aa34ab1969982e42246e53077ae903c1b334926e1ea832d1",
                "sha256:241c11614f64535e213ea143efa8b7e598793256601fc795e77075bdfa54f5d6",
                "sha256:288e8f94fb6f586e7386c1f22c979ce3ec866ab23371fa8fef1dd526cd4dfde1",
                "sha256:3508bea4974ee30fabcf7c8852fca7d9d54d496eaa068bee8311e0ac4df4ade3",
                "sha256:503ae54582601b0ff647731fee5efcdff5db1f4da0350febb31b628236a5f0b5",
                "sha256:50de6f3786ba868ffb7d78d4bcacf0928321f9892366b2f4a0426bba644e3f25",
                "sha256:608f7eef60e6558418d7da6551dd3d07ccc1290ecc85755d781bd8100322ea5b",
                "sha256:63663541d395ffe4d51a3c021467d0a7b46c965b63fa1646cb46e2e2f1f36415",
                "sha256:65546242d0c481c0daf0ef20c1be81c075fb763c5f4346f18f748b422fc40f32",
                "sha256:6d5f6f26f9025756035c473167b39c5a72e4e519a2286c9399d21f6682e4e5bc",
                "sha256:84a1cb5320f1494cd444ca3bd09ddba2e0af0cb210f9263bcf17357ab22671a1",
                "sha256:93f1af99bbe75c854370460a60823d6726f9af2196818a64346000d02e074ed7",
                "sha256:b46ec31bb7729eaa678a3bb1c999460902df1e295fcc093b9aa5f2c7e68d5803",
                "sha256:cd172509bfc9144395204dd2c0eb305ae5e89f8ad1714ffd7d793607c53c3244",
                "sha256:d99819e9e15e1295a31a757360cab65bc96162870f90c29432564bd8e8999aca",
                "sha256:e04b5bf8581718cf84c1c60bda40221d926ceb06f942ebabfc3baf467a1e34be",
                "sha256:e13265feabb1fa26f9cd49cbafd9b5de70ad768093ddb092af477c9823f44f0e",
                "sha256:ea8a18ea02bf84981ec93faded773a866554666f13955c92139127892c4bb45c",
                "sha256:fb4412490324705dcd2172baa8a3ea58ae23c5f982476805cad58ae929fe2a52"
            ],
            "version": "==4.1.0"
        },
        "pyyaml": {
            "hashes": [
                "sha256:0c507b7f74b3d2dd4d1322ec8a94794927305ab4cebbe89cc47fe5e81541e6e8",
                "sha256:16b20e970597e051997d90dc2cddc713a2876c47e3d92d59ee198700c5427736",
                "sha256:3262c96a1ca437e7e4763e2843746588a965426550f3797a79fca9c6199c431f",
                "sha256:326420cbb492172dec84b0f65c80942de6cedb5233c413dd824483989c000608",
                "sha256:4474f8ea030b5127225b8894d626bb66c01cda098d47a2b0d3429b6700af9fd8",
                "sha256:592766c6303207a20efc445587778322d7f73b161bd994f227adaa341ba212ab",
                "sha256:5ac82e411044fb129bae5cfbeb3ba626acb2af31a8d17d175004b70862a741a7",
                "sha256:5f84523c076ad14ff5e6c037fe1c89a7f73a3e04cf0377cb4d017014976433f3",
                "sha256:827dc04b8fa7d07c44de11fabbc888e627fa8293b695e0f99cb544fdfa1bf0d1",
                "sha256:b4c423ab23291d3945ac61346feeb9a0dc4184999ede5e7c43e1ffb975130ae6",
                "sha256:bc6bced57f826ca7cb5125a10b23fd0f2fff3b7c4701d64c439a300ce665fff8",
                "sha256:c01b880ec30b5a6e6aa67b09a2fe3fb30473008c85cd6a67359a1b15ed6d83a4",
                "sha256:ca233c64c6e40eaa6c66ef97058cdc80e8d0157a443655baa1b2966e812807ca",
                "sha256:e863072cdf4c72eebf179342c94e6989c67185842d9997960b3e69290b2fa269"
            ],
            "version": "==3.12"
        },
        "sanic": {
            "hashes": [
                "sha256:18a3bd729093ac93a245849c44045c505a11e6d36da5bf231cb986bfb1e3c14c",
                "sha256:22b1a6f1dc55db8a136335cb0961afa95040ca78aa8c78425a40d91e8618e60e"
            ],
            "version": "==0.7.0"
        },
        "singledispatch": {
            "hashes": [
                "sha256:5b06af87df13818d14f08a028e42f566640aef80805c3b50c5056b086e3c2b9c",
                "sha256:833b46966687b3de7f438c761ac475213e53b306740f1abfaa86e1d1aae56aa8"
            ],
            "markers": "python_version == '3.3'",
            "version": "==3.4.0.3"
        },
        "six": {
            "hashes": [
                "sha256:70e8a77beed4562e7f14fe23a786b54f6296e34344c23bc42f07b15018ff98e9",
                "sha256:832dc0e10feb1aa2c68dcc57dbb658f1c7e65b9b61af69048abc87a2db00a0eb"
            ],
            "version": "==1.11.0"
        },
        "tornado": {
            "hashes": [
                "sha256:186ba4f280429a24120f329c7c08ea91818ff6bf47ed2ccb66f8f460698fc4ed",
                "sha256:3e9a2333362d3dad7876d902595b64aea1a2f91d0df13191ea1f8bca5a447771",
                "sha256:4d192236a9ffee54cb0032f22a8a0cfa64258872f1d83d71f3356681f69a37be",
                "sha256:69194436190b777abf0b631a692b0b29ba4157d18eeee07327b486e033b944dc",
                "sha256:b5bf7407f88327b80e666dabf91a1e7beb11236855a5c65ba5cf0e9e25ae296b"
            ],
            "version": "==5.0.1"
        },
        "ujson": {
            "hashes": [
                "sha256:f66073e5506e91d204ab0c614a148d5aa938bdbf104751be66f8ad7a222f5f86"
            ],
            "version": "==1.35"
        },
        "uvloop": {
            "hashes": [
                "sha256:01cf7199728867f406ba5af78cc47c80acd663ccc52cae105e737a997f1b2bca",
                "sha256:68574150720a380509a3409bf2941be0199cfdacff144a97502fb29c250ba927",
                "sha256:7ee14835a75c72227d3f8a3f370519a3106a6f02e5453f275f16437ebdb92953",
                "sha256:7fba5f390db607b2f026bc598df6b2a2a9e062bffe82910b5ffe2b88560135e5",
                "sha256:89c3bfaad77625490c42a6b99af1879234767ab0c31dd193486a909506e5e549",
                "sha256:b057ef2b0d0162c1ef257f43a95f59bfec37ee9a75cc5412d6b7f9ac6d1d69cb",
                "sha256:e7c871ba3edd5fcf2afb756de88a9a65245070161e24f75abe79c0a241bb8c76"
            ],
            "version": "==0.9.1"
        },
        "websockets": {
            "hashes": [
                "sha256:0c31bc832d529dc7583d324eb6c836a4f362032a1902723c112cf57883488d8c",
                "sha256:1f3e5a52cab6daa3d432c7b0de0a14109be39d2bfaad033ee5de4a3d3e11dcdf",
                "sha256:341824d8c9ad53fc43cca3fa9407f294125fa258592f7676640396501448e57e",
                "sha256:367ff945bc0950ad9634591e2afe50bf2222bc4fad1088a386c4bb700888026e",
                "sha256:3859ca16c229ddb0fa21c5090e4efcb037c08ce69b0c1dfed6122c3f98cd0c22",
                "sha256:3d425ae081fb4ba1eef9ecf30472ffd79f8e868297ccc7a47993c96dbf2a819c",
                "sha256:64896a6b3368c959b8096b655e46f03dfa65b96745249f374bd6a35705cc3489",
                "sha256:6df87698022aef2596bffdfecc96d656db59c8d719708c8a471daa815ee61656",
                "sha256:80188abdadd23edaaea05ce761dc9a2e1df31a74a0533967f0dcd9560c85add0",
                "sha256:d1a0572b6edb22c9208e3e5381064e09d287d2a915f90233fef994ee7a14a935",
                "sha256:da4d4fbe059b0453e726d6d993760065d69b823a27efc3040402a6fcfe6a1ed9",
                "sha256:da7610a017f5343fdf765f4e0eb6fd0dfd08264ca1565212b110836d9367fc9c",
                "sha256:ebdd4f18fe7e3bea9bd3bf446b0f4117739478caa2c76e4f0fb72cc45b03cbd7",
                "sha256:f5192da704535a7cbf76d6e99c1ec4af7e8d1288252bf5a2385d414509ded0cf",
                "sha256:fd81af8cf3e69f9a97f3a6c0623a0527de0f922c2df725f00cd7646d478af632",
                "sha256:fecf51c13195c416c22422353b306dddb9c752e4b80b21e0fa1fccbe38246677"
            ],
            "version": "==4.0.1"
        },
        "werkzeug": {
            "hashes": [
                "sha256:c3fd7a7d41976d9f44db327260e263132466836cef6f91512889ed60ad26557c",
                "sha256:d5da73735293558eb1651ee2fddc4d0dedcfa06538b8813a2e20011583c9e49b"
            ],
            "version": "==0.14.1"
        },
        "yarl": {
            "hashes": [
                "sha256:045dbba18c9142278113d5dc62622978a6f718ba662392d406141c59b540c514",
                "sha256:17e57a495efea42bcfca08b49e16c6d89e003acd54c99c903ea1cb3de0ba1248",
                "sha256:213e8f54b4a942532d6ac32314c69a147d3b82fa1725ca05061b7c1a19a1d9b1",
                "sha256:3353fae45d93cc3e7e41bfcb1b633acc37db821d368e660b03068dbfcf68f8c8",
                "sha256:51a084ff8756811101f8b5031a14d1c2dd26c666976e1b18579c6b1c8761a102",
                "sha256:5580f22ac1298261cd24e8e584180d83e2cca9a6167113466d2d16cb2aa1f7b1",
                "sha256:64727a2593fdba5d6ef69e94eba793a196deeda7152c7bd3a64edda6b1f95f6e",
                "sha256:6e75753065c310befab71c5077a59b7cb638d2146b1cfbb1c3b8f08b51362714",
                "sha256:7236eba4911a5556b497235828e7a4bc5d90957efa63b7c4b3e744d2d2cf1b94",
                "sha256:a69dd7e262cdb265ac7d5e929d55f2f3d07baaadd158c8f19caebf8dde08dfe8",
                "sha256:d9ca55a5a297408f08e5401c23ad22bd9f580dab899212f0d5dc1830f0909404",
                "sha256:e072edbd1c5628c0b8f97d00cf6c9fcd6a4ee2b5ded10d463fcb6eaa066cf40c",
                "sha256:e9a6a319c4bbfb57618f207e86a7c519ab0f637be3d2366e4cdac271577834b8"
            ],
            "version": "==1.1.1"
        }
    },
    "develop": {
        "aiofiles": {
            "hashes": [
                "sha256:25c66ea3872d05d53292a6b3f7fa0f86691512076446d83a505d227b5e76f668",
                "sha256:852a493a877b73e11823bfd4e8e5ef2610d70d12c9eaed961bcd9124d8de8c10"
            ],
            "version": "==0.3.2"
        },
        "aiohttp": {
            "hashes": [
                "sha256:1c052bce3eade41f6edf9ff3381051b809a88e65b66dcf2e05d34e9751652ee1",
                "sha256:228ff9359f9dab15f93d9df6623fab495222d96724dca7c5e4852d42b1bac439",
                "sha256:389a05544589c0643f0c1ba485c8d5157eb182de4ad35d041f858832a0acb26d",
                "sha256:3da537d4cf64c23b69dafdae0fcfca173eedadac19271ea417e189a629c63258",
                "sha256:42f0237a8314033e7dbb3ac83707bc5e5db28fc300a815d7088f8c52e599f0de",
                "sha256:56c57f1e6e78b30509b8bc451bd24c4a96014fd874f853f9dbe5896287787bec",
                "sha256:67c5bf258adba7f57a30949e0a17c4708f98d91263a0c82da27ad37a8f60e3a9",
                "sha256:8d65a8033cafc0d0268de5a858465c819475f3467d456aab3fbe3912e298e717",
                "sha256:9559f4a69132b7aeb116c3ac8029f8bbae48e27292c4ef9c50e94cb872e6d0ce",
                "sha256:a6943101e13106f91d6175dd96bd9097ebbc076799f553e2f8ffc1b811dd190f",
                "sha256:a95add5d4305bf30ed624b171cc91bba61b57b22976b8b30930d511a34d05557",
                "sha256:c7ce03728c2fe5a47c72b45164f449b027903143ea720ebf379bc7c76b536d2e",
                "sha256:ce6c816ff4ba694f15be0986c12c6200b63f56c3da4c75545cba7c86365e8413",
                "sha256:d4e6ec8b45ef7aa0bfe0f7f9703b36e62f72f752c286818cf543d44201df559b",
                "sha256:dc5cab081d4b334d0440b019edf24fe1cb138b8114e0e22d2b0661284bc1775f"
            ],
            "version": "==3.1.1"
        },
        "appnope": {
            "hashes": [
                "sha256:5b26757dc6f79a3b7dc9fab95359328d5747fcb2409d331ea66d0272b90ab2a0",
                "sha256:8b995ffe925347a2138d7ac0fe77155e4311a0ea6d6da4f5128fe4b3cbe5ed71"
            ],
            "markers": "sys_platform == 'darwin'",
            "version": "==0.1.0"
        },
        "async-timeout": {
            "hashes": [
                "sha256:00cff4d2dce744607335cba84e9929c3165632da2d27970dbc55802a0c7873d0",
                "sha256:9093db5b8ddbe4b8f6885d1a6e0ad84ae3155464cbf6877c387605244c285f3c"
            ],
            "version": "==2.0.1"
        },
        "asyncio": {
            "hashes": [
                "sha256:83360ff8bc97980e4ff25c964c7bd3923d333d177aa4f7fb736b019f26c7cb41",
                "sha256:b62c9157d36187eca799c378e572c969f0da87cd5fc42ca372d92cdb06e7e1de",
                "sha256:c46a87b48213d7464f22d9a497b9eef8c1928b68320a2fa94240f969f6fec08c",
                "sha256:c4d18b22701821de07bd6aea8b53d21449ec0ec5680645e5317062ea21817d2d"
            ],
            "markers": "python_version == '3.3'",
            "version": "==3.4.3"
        },
        "attrs": {
            "hashes": [
                "sha256:1c7960ccfd6a005cd9f7ba884e6316b5e430a3f1a6c37c5f87d8b43f83b54ec9",
                "sha256:a17a9573a6f475c99b551c0e0a812707ddda1ec9653bed04c13841404ed6f450"
            ],
            "version": "==17.4.0"
        },
        "beautifulsoup4": {
            "hashes": [
                "sha256:11a9a27b7d3bddc6d86f59fb76afb70e921a25ac2d6cc55b40d072bd68435a76",
                "sha256:7015e76bf32f1f574636c4288399a6de66ce08fb7b2457f628a8d70c0fbabb11",
                "sha256:808b6ac932dccb0a4126558f7dfdcf41710dd44a4ef497a0bb59a77f9f078e89"
            ],
            "version": "==4.6.0"
        },
        "certifi": {
            "hashes": [
                "sha256:14131608ad2fd56836d33a71ee60fa1c82bc9d2c8d98b7bdbc631fe1b3cd1296",
                "sha256:edbc3f203427eef571f79a7692bb160a2b0f7ccaa31953e99bd17e307cf63f7d"
            ],
            "version": "==2018.1.18"
        },
        "chardet": {
            "hashes": [
                "sha256:84ab92ed1c4d4f16916e05906b6b75a6c0fb5db821cc65e70cbd64a3e2a5eaae",
                "sha256:fc323ffcaeaed0e0a02bf4d117757b98aed530d9ed4531e3e15460124c106691"
            ],
            "version": "==3.0.4"
        },
        "colorama": {
            "hashes": [
                "sha256:463f8483208e921368c9f306094eb6f725c6ca42b0f97e313cb5d5512459feda",
                "sha256:48eb22f4f8461b1df5734a074b57042430fb06e1d61bd1e11b078c0fe6d7a1f1"
            ],
            "markers": "sys_platform == 'win32'",
            "version": "==0.3.9"
        },
        "decorator": {
            "hashes": [
                "sha256:7d46dd9f3ea1cf5f06ee0e4e1277ae618cf48dfb10ada7c8427cd46c42702a0e",
                "sha256:94d1d8905f5010d74bbbd86c30471255661a14187c45f8d7f3e5aa8540fdb2e5"
            ],
            "version": "==4.2.1"
        },
        "docutils": {
            "hashes": [
                "sha256:02aec4bd92ab067f6ff27a38a38a41173bf01bed8f89157768c1573f53e474a6",
                "sha256:51e64ef2ebfb29cae1faa133b3710143496eca21c530f3f71424d77687764274",
                "sha256:7a4bd47eaf6596e1295ecb11361139febe29b084a87bf005bf899f9a42edc3c6"
            ],
            "version": "==0.14"
        },
        "enum34": {
            "hashes": [
                "sha256:2d81cbbe0e73112bdfe6ef8576f2238f2ba27dd0d55752a776c41d38b7da2850",
                "sha256:644837f692e5f550741432dd3f223bbb9852018674981b1664e5dc339387588a",
                "sha256:6bd0f6ad48ec2aa117d3d141940d484deccda84d4fcd884f5c3d93c23ecd8c79",
                "sha256:8ad8c4783bf61ded74527bffb48ed9b54166685e4230386a9ed9b1279e2df5b1"
            ],
            "markers": "python_version == '2.7'",
            "version": "==1.1.6"
        },
        "httptools": {
            "hashes": [
                "sha256:f50dcb27178416c3a4113e9e1b392be5d1ff56ae1e474fe80869ed8530505e4c"
            ],
            "version": "==0.0.10"
        },
        "idna": {
            "hashes": [
                "sha256:2c6a5de3089009e3da7c5dde64a141dbc8551d5b7f6cf4ed7c2568d0cc520a8f",
                "sha256:8c7309c718f94b3a625cb648ace320157ad16ff131ae0af362c9f21b80ef6ec4"
            ],
            "version": "==2.6"
        },
        "idna-ssl": {
            "hashes": [
                "sha256:1293f030bc608e9aa9cdee72aa93c1521bbb9c7698068c61c9ada6772162b979"
            ],
            "version": "==1.0.1"
        },
        "ipython": {
            "hashes": [
                "sha256:51c158a6c8b899898d1c91c6b51a34110196815cc905f9be0fa5878e19355608",
                "sha256:fcc6d46f08c3c4de7b15ae1c426e15be1b7932bcda9d83ce1a4304e8c1129df3"
            ],
            "version": "==6.2.1"
        },
        "ipython-genutils": {
            "hashes": [
                "sha256:72dd37233799e619666c9f639a9da83c34013a73e8bbc79a7a6348d93c61fab8",
                "sha256:eb2e116e75ecef9d4d228fdc66af54269afa26ab4463042e33785b887c628ba8"
            ],
            "version": "==0.2.0"
        },
        "jedi": {
            "hashes": [
                "sha256:d6e799d04d1ade9459ed0f20de47c32f2285438956a677d083d3c98def59fa97",
                "sha256:d795f2c2e659f5ea39a839e5230d70a0b045d0daee7ca2403568d8f348d0ad89"
            ],
            "version": "==0.11.1"
        },
        "more-itertools": {
            "hashes": [
                "sha256:0dd8f72eeab0d2c3bd489025bb2f6a1b8342f9b198f6fc37b52d15cfa4531fea",
                "sha256:11a625025954c20145b37ff6309cd54e39ca94f72f6bb9576d1195db6fa2442e",
                "sha256:c9ce7eccdcb901a2c75d326ea134e0886abfbea5f93e91cc95de9507c0816c44"
            ],
            "version": "==4.1.0"
        },
        "multidict": {
            "hashes": [
                "sha256:0462372fc74e4c061335118a4a5992b9a618d6c584b028ef03cf3e9b88a960e2",
                "sha256:068e91060e3e211441b1a31f5e65de88fc346490e1fae583c35a75a5295c8ef7",
                "sha256:0fd4d255adcbab3341d64a2fff5acce23409e57bb94e626485dea3db70ddc35e",
                "sha256:16c78b10e897a512aa34ab1969982e42246e53077ae903c1b334926e1ea832d1",
                "sha256:241c11614f64535e213ea143efa8b7e598793256601fc795e77075bdfa54f5d6",
                "sha256:288e8f94fb6f586e7386c1f22c979ce3ec866ab23371fa8fef1dd526cd4dfde1",
                "sha256:3508bea4974ee30fabcf7c8852fca7d9d54d496eaa068bee8311e0ac4df4ade3",
                "sha256:503ae54582601b0ff647731fee5efcdff5db1f4da0350febb31b628236a5f0b5",
                "sha256:50de6f3786ba868ffb7d78d4bcacf0928321f9892366b2f4a0426bba644e3f25",
                "sha256:608f7eef60e6558418d7da6551dd3d07ccc1290ecc85755d781bd8100322ea5b",
                "sha256:63663541d395ffe4d51a3c021467d0a7b46c965b63fa1646cb46e2e2f1f36415",
                "sha256:65546242d0c481c0daf0ef20c1be81c075fb763c5f4346f18f748b422fc40f32",
                "sha256:6d5f6f26f9025756035c473167b39c5a72e4e519a2286c9399d21f6682e4e5bc",
                "sha256:84a1cb5320f1494cd444ca3bd09ddba2e0af0cb210f9263bcf17357ab22671a1",
                "sha256:93f1af99bbe75c854370460a60823d6726f9af2196818a64346000d02e074ed7",
                "sha256:b46ec31bb7729eaa678a3bb1c999460902df1e295fcc093b9aa5f2c7e68d5803",
                "sha256:cd172509bfc9144395204dd2c0eb305ae5e89f8ad1714ffd7d793607c53c3244",
                "sha256:d99819e9e15e1295a31a757360cab65bc96162870f90c29432564bd8e8999aca",
                "sha256:e04b5bf8581718cf84c1c60bda40221d926ceb06f942ebabfc3baf467a1e34be",
                "sha256:e13265feabb1fa26f9cd49cbafd9b5de70ad768093ddb092af477c9823f44f0e",
                "sha256:ea8a18ea02bf84981ec93faded773a866554666f13955c92139127892c4bb45c",
                "sha256:fb4412490324705dcd2172baa8a3ea58ae23c5f982476805cad58ae929fe2a52"
            ],
            "version": "==4.1.0"
        },
        "parso": {
            "hashes": [
                "sha256:5815f3fe254e5665f3c5d6f54f086c2502035cb631a91341591b5a564203cffb",
                "sha256:a7bb86fe0844304869d1c08e8bd0e52be931228483025c422917411ab82d628a"
            ],
            "version": "==0.1.1"
        },
        "pathlib2": {
            "hashes": [
                "sha256:d32550b75a818b289bd4c1f96b60c89957811da205afcceab75bc8b4857ea5b3",
                "sha256:db3e43032d23787d3e9aec8c7ef1e0d2c3c589d5f303477661ebda2ca6d4bfba"
            ],
            "markers": "python_version in '2.6 2.7 3.2 3.3'",
            "version": "==2.3.0"
        },
        "pexpect": {
            "hashes": [
                "sha256:67b85a1565968e3d5b5e7c9283caddc90c3947a2625bed1905be27bd5a03e47d",
                "sha256:6ff881b07aff0cb8ec02055670443f784434395f90c3285d2ae470f921ade52a"
            ],
            "markers": "sys_platform != 'win32'",
            "version": "==4.4.0"
        },
        "pickleshare": {
            "hashes": [
                "sha256:84a9257227dfdd6fe1b4be1319096c20eb85ff1e82c7932f36efccfe1b09737b",
                "sha256:c9a2541f25aeabc070f12f452e1f2a8eae2abd51e1cd19e8430402bdf4c1d8b5"
            ],
            "version": "==0.7.4"
        },
        "pkginfo": {
            "hashes": [
                "sha256:5878d542a4b3f237e359926384f1dde4e099c9f5525d236b1840cf704fa8d474",
                "sha256:a39076cb3eb34c333a0dd390b568e9e1e881c7bf2cc0aee12120636816f55aee"
            ],
            "version": "==1.4.2"
        },
        "pluggy": {
            "hashes": [
                "sha256:7f8ae7f5bdf75671a718d2daf0a64b7885f74510bcd98b1a0bb420eb9a9d0cff"
            ],
            "version": "==0.6.0"
        },
        "prompt-toolkit": {
            "hashes": [
                "sha256:1df952620eccb399c53ebb359cc7d9a8d3a9538cb34c5a1344bdbeb29fbcc381",
                "sha256:3f473ae040ddaa52b52f97f6b4a493cfa9f5920c255a12dc56a7d34397a398a4",
                "sha256:858588f1983ca497f1cf4ffde01d978a3ea02b01c8a26a8bbc5cd2e66d816917"
            ],
            "version": "==1.0.15"
        },
        "ptyprocess": {
            "hashes": [
                "sha256:e64193f0047ad603b71f202332ab5527c5e52aa7c8b609704fc28c0dc20c4365",
                "sha256:e8c43b5eee76b2083a9badde89fd1bbce6c8942d1045146e100b7b5e014f4f1a"
            ],
            "version": "==0.5.2"
        },
        "py": {
            "hashes": [
                "sha256:29c9fab495d7528e80ba1e343b958684f4ace687327e6f789a94bf3d1915f881",
                "sha256:983f77f3331356039fdd792e9220b7b8ee1aa6bd2b25f567a963ff1de5a64f6a"
            ],
            "version": "==1.5.3"
        },
        "pygments": {
            "hashes": [
                "sha256:78f3f434bcc5d6ee09020f92ba487f95ba50f1e3ef83ae96b9d5ffa1bab25c5d",
                "sha256:dbae1046def0efb574852fab9e90209b23f556367b5a320c0bcb871c77c3e8cc"
            ],
            "version": "==2.2.0"
        },
        "pytest": {
            "hashes": [
                "sha256:6266f87ab64692112e5477eba395cfedda53b1933ccd29478e671e73b420c19c",
                "sha256:fae491d1874f199537fd5872b5e1f0e74a009b979df9d53d1553fd03da1703e1"
            ],
            "version": "==3.5.0"
        },
        "pytest-sanic": {
            "hashes": [
                "sha256:1bcd85fe5d7f9107dbab374a818a92035ee00e0fa60aca0d841253928dd7c4d4",
                "sha256:f3667d4377f856780630fa5e23be29efd9df3fbff5a07d3467529dc02c8f93c3"
            ],
            "version": "==0.1.9"
        },
        "requests": {
            "hashes": [
                "sha256:6a1b267aa90cac58ac3a765d067950e7dbbf75b1da07e895d1f594193a40a38b",
                "sha256:9c443e7324ba5b85070c4a818ade28bfabedf16ea10206da1132edaa6dda237e"
            ],
            "version": "==2.18.4"
        },
        "requests-toolbelt": {
            "hashes": [
                "sha256:42c9c170abc2cacb78b8ab23ac957945c7716249206f90874651971a4acff237",
                "sha256:f6a531936c6fa4c6cfce1b9c10d5c4f498d16528d2a54a22ca00011205a187b5"
            ],
            "version": "==0.8.0"
        },
        "restructuredtext-lint": {
            "hashes": [
                "sha256:c48ca9a84c312b262809f041fe47dcfaedc9ee4879b3e1f9532f745c182b4037"
            ],
            "version": "==1.1.3"
        },
        "sanic": {
            "hashes": [
                "sha256:18a3bd729093ac93a245849c44045c505a11e6d36da5bf231cb986bfb1e3c14c",
                "sha256:22b1a6f1dc55db8a136335cb0961afa95040ca78aa8c78425a40d91e8618e60e"
            ],
            "version": "==0.7.0"
        },
        "simplegeneric": {
            "hashes": [
                "sha256:dc972e06094b9af5b855b3df4a646395e43d1c9d0d39ed345b7393560d0b9173"
            ],
            "version": "==0.8.1"
        },
        "singledispatch": {
            "hashes": [
                "sha256:5b06af87df13818d14f08a028e42f566640aef80805c3b50c5056b086e3c2b9c",
                "sha256:833b46966687b3de7f438c761ac475213e53b306740f1abfaa86e1d1aae56aa8"
            ],
            "markers": "python_version == '3.3'",
            "version": "==3.4.0.3"
        },
        "six": {
            "hashes": [
                "sha256:70e8a77beed4562e7f14fe23a786b54f6296e34344c23bc42f07b15018ff98e9",
                "sha256:832dc0e10feb1aa2c68dcc57dbb658f1c7e65b9b61af69048abc87a2db00a0eb"
            ],
            "version": "==1.11.0"
        },
        "tqdm": {
            "hashes": [
                "sha256:782aa84b61a5246c4f9e5b938875009e0b759d9a5c9d16b12e4f8deefdff7892",
                "sha256:eaf9c32a2cf7b9623eb272134b934eb354ef6304299611aa71e3cf47cf83c22b"
            ],
            "version": "==4.19.9"
        },
        "traitlets": {
            "hashes": [
                "sha256:9c4bd2d267b7153df9152698efb1050a5d84982d3384a37b2c1f7723ba3e7835",
                "sha256:c6cb5e6f57c5a9bdaa40fa71ce7b4af30298fbab9ece9815b5d995ab6217c7d9"
            ],
            "version": "==4.3.2"
        },
        "twine": {
            "hashes": [
                "sha256:08eb132bbaec40c6d25b358f546ec1dc96ebd2638a86eea68769d9e67fe2b129",
                "sha256:2fd9a4d9ff0bcacf41fdc40c8cb0cfaef1f1859457c9653fd1b92237cc4e9f25"
            ],
            "version": "==1.11.0"
        },
        "typing": {
            "hashes": [
                "sha256:3a887b021a77b292e151afb75323dea88a7bc1b3dfa92176cff8e44c8b68bddf",
                "sha256:b2c689d54e1144bbcfd191b0832980a21c2dbcf7b5ff7a66248a60c90e951eb8",
                "sha256:d400a9344254803a2368533e4533a4200d21eb7b6b729c173bc38201a74db3f2"
            ],
            "markers": "python_version <= '3.4'",
            "version": "==3.6.4"
        },
        "ujson": {
            "hashes": [
                "sha256:f66073e5506e91d204ab0c614a148d5aa938bdbf104751be66f8ad7a222f5f86"
            ],
            "version": "==1.35"
        },
        "urllib3": {
            "hashes": [
                "sha256:06330f386d6e4b195fbfc736b297f58c5a892e4440e54d294d7004e3a9bbea1b",
                "sha256:cc44da8e1145637334317feebd728bd869a35285b93cbb4cca2577da7e62db4f"
            ],
            "version": "==1.22"
        },
        "uvloop": {
            "hashes": [
                "sha256:01cf7199728867f406ba5af78cc47c80acd663ccc52cae105e737a997f1b2bca",
                "sha256:68574150720a380509a3409bf2941be0199cfdacff144a97502fb29c250ba927",
                "sha256:7ee14835a75c72227d3f8a3f370519a3106a6f02e5453f275f16437ebdb92953",
                "sha256:7fba5f390db607b2f026bc598df6b2a2a9e062bffe82910b5ffe2b88560135e5",
                "sha256:89c3bfaad77625490c42a6b99af1879234767ab0c31dd193486a909506e5e549",
                "sha256:b057ef2b0d0162c1ef257f43a95f59bfec37ee9a75cc5412d6b7f9ac6d1d69cb",
                "sha256:e7c871ba3edd5fcf2afb756de88a9a65245070161e24f75abe79c0a241bb8c76"
            ],
            "version": "==0.9.1"
        },
        "waitress": {
            "hashes": [
                "sha256:40b0f297a7f3af61fbfbdc67e59090c70dc150a1601c39ecc9f5f1d283fb931b",
                "sha256:d33cd3d62426c0f1b3cd84ee3d65779c7003aae3fc060dee60524d10a57f05a9"
            ],
            "version": "==1.1.0"
        },
        "wcwidth": {
            "hashes": [
                "sha256:3df37372226d6e63e1b1e1eda15c594bca98a22d33a23832a90998faa96bc65e",
                "sha256:f4ebe71925af7b40a864553f761ed559b43544f8f71746c2d756c7fe788ade7c"
            ],
            "version": "==0.1.7"
        },
        "webob": {
            "hashes": [
                "sha256:63f4220492476c5c716b615baed7bf3d27040b3105014375787160dee0943115",
                "sha256:8d10af182fda4b92193113ee1edeb687ab9dc44336b37d6804e413f0240d40d9"
            ],
            "version": "==1.7.4"
        },
        "websockets": {
            "hashes": [
                "sha256:0c31bc832d529dc7583d324eb6c836a4f362032a1902723c112cf57883488d8c",
                "sha256:1f3e5a52cab6daa3d432c7b0de0a14109be39d2bfaad033ee5de4a3d3e11dcdf",
                "sha256:341824d8c9ad53fc43cca3fa9407f294125fa258592f7676640396501448e57e",
                "sha256:367ff945bc0950ad9634591e2afe50bf2222bc4fad1088a386c4bb700888026e",
                "sha256:3859ca16c229ddb0fa21c5090e4efcb037c08ce69b0c1dfed6122c3f98cd0c22",
                "sha256:3d425ae081fb4ba1eef9ecf30472ffd79f8e868297ccc7a47993c96dbf2a819c",
                "sha256:64896a6b3368c959b8096b655e46f03dfa65b96745249f374bd6a35705cc3489",
                "sha256:6df87698022aef2596bffdfecc96d656db59c8d719708c8a471daa815ee61656",
                "sha256:80188abdadd23edaaea05ce761dc9a2e1df31a74a0533967f0dcd9560c85add0",
                "sha256:d1a0572b6edb22c9208e3e5381064e09d287d2a915f90233fef994ee7a14a935",
                "sha256:da4d4fbe059b0453e726d6d993760065d69b823a27efc3040402a6fcfe6a1ed9",
                "sha256:da7610a017f5343fdf765f4e0eb6fd0dfd08264ca1565212b110836d9367fc9c",
                "sha256:ebdd4f18fe7e3bea9bd3bf446b0f4117739478caa2c76e4f0fb72cc45b03cbd7",
                "sha256:f5192da704535a7cbf76d6e99c1ec4af7e8d1288252bf5a2385d414509ded0cf",
                "sha256:fd81af8cf3e69f9a97f3a6c0623a0527de0f922c2df725f00cd7646d478af632",
                "sha256:fecf51c13195c416c22422353b306dddb9c752e4b80b21e0fa1fccbe38246677"
            ],
            "version": "==4.0.1"
        },
        "webtest": {
            "hashes": [
                "sha256:9136514159a2e76a21751bf4ab5d3371e539c8ada8b950fcf68e307d9e584a07",
                "sha256:dbbccc15ac2465066c95dc3a7de0d30cde3791e886ccbd7e91d5d2a2580c922d"
            ],
            "version": "==2.0.29"
        },
        "win-unicode-console": {
            "hashes": [
                "sha256:d4142d4d56d46f449d6f00536a73625a871cba040f0bc1a2e305a04578f07d1e"
            ],
            "markers": "sys_platform == 'win32' and python_version < '3.6'",
            "version": "==0.5"
        },
        "yarl": {
            "hashes": [
                "sha256:045dbba18c9142278113d5dc62622978a6f718ba662392d406141c59b540c514",
                "sha256:17e57a495efea42bcfca08b49e16c6d89e003acd54c99c903ea1cb3de0ba1248",
                "sha256:213e8f54b4a942532d6ac32314c69a147d3b82fa1725ca05061b7c1a19a1d9b1",
                "sha256:3353fae45d93cc3e7e41bfcb1b633acc37db821d368e660b03068dbfcf68f8c8",
                "sha256:51a084ff8756811101f8b5031a14d1c2dd26c666976e1b18579c6b1c8761a102",
                "sha256:5580f22ac1298261cd24e8e584180d83e2cca9a6167113466d2d16cb2aa1f7b1",
                "sha256:64727a2593fdba5d6ef69e94eba793a196deeda7152c7bd3a64edda6b1f95f6e",
                "sha256:6e75753065c310befab71c5077a59b7cb638d2146b1cfbb1c3b8f08b51362714",
                "sha256:7236eba4911a5556b497235828e7a4bc5d90957efa63b7c4b3e744d2d2cf1b94",
                "sha256:a69dd7e262cdb265ac7d5e929d55f2f3d07baaadd158c8f19caebf8dde08dfe8",
                "sha256:d9ca55a5a297408f08e5401c23ad22bd9f580dab899212f0d5dc1830f0909404",
                "sha256:e072edbd1c5628c0b8f97d00cf6c9fcd6a4ee2b5ded10d463fcb6eaa066cf40c",
                "sha256:e9a6a319c4bbfb57618f207e86a7c519ab0f637be3d2366e4cdac271577834b8"
            ],
            "version": "==1.1.1"
        }
    }
}
